
Microsoft Visual Studio Solution File, Format Version 12.00
# Visual Studio Version 17
VisualStudioVersion = 17.6.33829.357
MinimumVisualStudioVersion = 10.0.40219.1
Project("{9A19103F-16F7-4668-BE54-9A1E7A4F7556}") = "Entity", "Entity\Entity.csproj", "{D5C584A4-D0EC-44CA-B328-B6AF8F67808B}"
EndProject
Project("{9A19103F-16F7-4668-BE54-9A1E7A4F7556}") = "DataAccess", "DataAccess\DataAccess.csproj", "{408C5FEC-1316-4A27-A8F8-312A70333114}"
EndProject
Project("{9A19103F-16F7-4668-BE54-9A1E7A4F7556}") = "Business", "Business\Business.csproj", "{8C0829CF-744F-4BB2-8C18-CE86735B955C}"
EndProject
Project("{9A19103F-16F7-4668-BE54-9A1E7A4F7556}") = "Core", "Core\Core.csproj", "{D33690C8-CBE8-4AE7-A073-507E714FBC40}"
EndProject
Project("{9A19103F-16F7-4668-BE54-9A1E7A4F7556}") = "OkraFurnitureUI", "OkraFurnitureUI\OkraFurnitureUI.csproj", "{38A01147-19F6-41B8-8133-E159353A5AC3}"
EndProject
Global
	GlobalSection(SolutionConfigurationPlatforms) = preSolution
		Debug|Any CPU = Debug|Any CPU
		Release|Any CPU = Release|Any CPU
	EndGlobalSection
	GlobalSection(ProjectConfigurationPlatforms) = postSolution
		{D5C584A4-D0EC-44CA-B328-B6AF8F67808B}.Debug|Any CPU.ActiveCfg = Debug|Any CPU
		{D5C584A4-D0EC-44CA-B328-B6AF8F67808B}.Debug|Any CPU.Build.0 = Debug|Any CPU
		{D5C584A4-D0EC-44CA-B328-B6AF8F67808B}.Release|Any CPU.ActiveCfg = Release|Any CPU
		{D5C584A4-D0EC-44CA-B328-B6AF8F67808B}.Release|Any CPU.Build.0 = Release|Any CPU
		{408C5FEC-1316-4A27-A8F8-312A70333114}.Debug|Any CPU.ActiveCfg = Debug|Any CPU
		{408C5FEC-1316-4A27-A8F8-312A70333114}.Debug|Any CPU.Build.0 = Debug|Any CPU
		{408C5FEC-1316-4A27-A8F8-312A70333114}.Release|Any CPU.ActiveCfg = Release|Any CPU
		{408C5FEC-1316-4A27-A8F8-312A70333114}.Release|Any CPU.Build.0 = Release|Any CPU
		{8C0829CF-744F-4BB2-8C18-CE86735B955C}.Debug|Any CPU.ActiveCfg = Debug|Any CPU
		{8C0829CF-744F-4BB2-8C18-CE86735B955C}.Debug|Any CPU.Build.0 = Debug|Any CPU
		{8C0829CF-744F-4BB2-8C18-CE86735B955C}.Release|Any CPU.ActiveCfg = Release|Any CPU
		{8C0829CF-744F-4BB2-8C18-CE86735B955C}.Release|Any CPU.Build.0 = Release|Any CPU
		{D33690C8-CBE8-4AE7-A073-507E714FBC40}.Debug|Any CPU.ActiveCfg = Debug|Any CPU
		{D33690C8-CBE8-4AE7-A073-507E714FBC40}.Debug|Any CPU.Build.0 = Debug|Any CPU
		{D33690C8-CBE8-4AE7-A073-507E714FBC40}.Release|Any CPU.ActiveCfg = Release|Any CPU
		{D33690C8-CBE8-4AE7-A073-507E714FBC40}.Release|Any CPU.Build.0 = Release|Any CPU
		{38A01147-19F6-41B8-8133-E159353A5AC3}.Debug|Any CPU.ActiveCfg = Debug|Any CPU
		{38A01147-19F6-41B8-8133-E159353A5AC3}.Debug|Any CPU.Build.0 = Debug|Any CPU
		{38A01147-19F6-41B8-8133-E159353A5AC3}.Release|Any CPU.ActiveCfg = Release|Any CPU
		{38A01147-19F6-41B8-8133-E159353A5AC3}.Release|Any CPU.Build.0 = Release|Any CPU
	EndGlobalSection
	GlobalSection(SolutionProperties) = preSolution
		HideSolutionNode = FALSE
	EndGlobalSection
	GlobalSection(ExtensibilityGlobals) = postSolution
		SolutionGuid = {72688AAE-E5D4-4EAA-8B4E-00C2F9AF0618}
	EndGlobalSection
EndGlobal
